
Microsoft Visual Studio Solution File, Format Version 12.00
# Visual Studio Version 17
VisualStudioVersion = 17.0.31919.166
MinimumVisualStudioVersion = 10.0.40219.1
Project("{8BC9CEB8-8B4A-11D0-8D11-00A0C91BC942}") = "内存函数和字符串", "内存函数和字符串.vcxproj", "{FD630808-FF35-4960-8BF5-AE5F1D0382BE}"
EndProject
Global
	GlobalSection(SolutionConfigurationPlatforms) = preSolution
		Debug|x64 = Debug|x64
		Debug|x86 = Debug|x86
		Release|x64 = Release|x64
		Release|x86 = Release|x86
	EndGlobalSection
	GlobalSection(ProjectConfigurationPlatforms) = postSolution
		{FD630808-FF35-4960-8BF5-AE5F1D0382BE}.Debug|x64.ActiveCfg = Debug|x64
		{FD630808-FF35-4960-8BF5-AE5F1D0382BE}.Debug|x64.Build.0 = Debug|x64
		{FD630808-FF35-4960-8BF5-AE5F1D0382BE}.Debug|x86.ActiveCfg = Debug|Win32
		{FD630808-FF35-4960-8BF5-AE5F1D0382BE}.Debug|x86.Build.0 = Debug|Win32
		{FD630808-FF35-4960-8BF5-AE5F1D0382BE}.Release|x64.ActiveCfg = Release|x64
		{FD630808-FF35-4960-8BF5-AE5F1D0382BE}.Release|x64.Build.0 = Release|x64
		{FD630808-FF35-4960-8BF5-AE5F1D0382BE}.Release|x86.ActiveCfg = Release|Win32
		{FD630808-FF35-4960-8BF5-AE5F1D0382BE}.Release|x86.Build.0 = Release|Win32
	EndGlobalSection
	GlobalSection(SolutionProperties) = preSolution
		HideSolutionNode = FALSE
	EndGlobalSection
	GlobalSection(ExtensibilityGlobals) = postSolution
		SolutionGuid = {28D21899-B064-4A5A-AEE3-79046D107281}
	EndGlobalSection
EndGlobal
